// !$*UTF8*$!
{
	archiveVersion = 1;
	classes = {
	};
	objectVersion = 55;
	objects = {

/* Begin PBXBuildFile section */
		DE02CAFB28ACB3DB003A4D29 /* AppDelegate.swift in Sources */ = {isa = PBXBuildFile; fileRef = DE02CAFA28ACB3DB003A4D29 /* AppDelegate.swift */; };
		DE02CAFF28ACB3DB003A4D29 /* LoginViewController.swift in Sources */ = {isa = PBXBuildFile; fileRef = DE02CAFE28ACB3DB003A4D29 /* LoginViewController.swift */; };
		DE02CB0428ACB3DE003A4D29 /* Assets.xcassets in Resources */ = {isa = PBXBuildFile; fileRef = DE02CB0328ACB3DE003A4D29 /* Assets.xcassets */; };
		DE02CB0728ACB3DE003A4D29 /* LaunchScreen.storyboard in Resources */ = {isa = PBXBuildFile; fileRef = DE02CB0528ACB3DE003A4D29 /* LaunchScreen.storyboard */; };
		DE02CB1128ACB797003A4D29 /* LoginView.swift in Sources */ = {isa = PBXBuildFile; fileRef = DE02CB1028ACB797003A4D29 /* LoginView.swift */; };
		DE02CB1428AF1C43003A4D29 /* OnboardingContainerViewController.swift in Sources */ = {isa = PBXBuildFile; fileRef = DE02CB1328AF1C43003A4D29 /* OnboardingContainerViewController.swift */; };
		DE02CB1628AF222E003A4D29 /* OnboardingViewController.swift in Sources */ = {isa = PBXBuildFile; fileRef = DE02CB1528AF222E003A4D29 /* OnboardingViewController.swift */; };
		DE02CB1828AF48BB003A4D29 /* DummyViewController.swift in Sources */ = {isa = PBXBuildFile; fileRef = DE02CB1728AF48BB003A4D29 /* DummyViewController.swift */; };
		DEC1785528B02561008D26F3 /* LocalState.swift in Sources */ = {isa = PBXBuildFile; fileRef = DEC1785428B02561008D26F3 /* LocalState.swift */; };
		DEC1785728B033E5008D26F3 /* UIViewController + Utils.swift in Sources */ = {isa = PBXBuildFile; fileRef = DEC1785628B033E5008D26F3 /* UIViewController + Utils.swift */; };
		DEC1785928B035BC008D26F3 /* MainViewController.swift in Sources */ = {isa = PBXBuildFile; fileRef = DEC1785828B035BC008D26F3 /* MainViewController.swift */; };
		DEC1785C28B045BA008D26F3 /* AccountSummaryViewController.swift in Sources */ = {isa = PBXBuildFile; fileRef = DEC1785B28B045BA008D26F3 /* AccountSummaryViewController.swift */; };
		DEC1785E28B05549008D26F3 /* AccountSummaryHeaderView.swift in Sources */ = {isa = PBXBuildFile; fileRef = DEC1785D28B05549008D26F3 /* AccountSummaryHeaderView.swift */; };
		DEC1786028B05589008D26F3 /* AccountSummaryHeaderView.xib in Resources */ = {isa = PBXBuildFile; fileRef = DEC1785F28B05589008D26F3 /* AccountSummaryHeaderView.xib */; };
		DEC1786428B1C6D7008D26F3 /* AccountSummaryCell.swift in Sources */ = {isa = PBXBuildFile; fileRef = DEC1786328B1C6D7008D26F3 /* AccountSummaryCell.swift */; };
		DEC1786728B1FFB1008D26F3 /* CurencyFormatter.swift in Sources */ = {isa = PBXBuildFile; fileRef = DEC1786528B1FFB1008D26F3 /* CurencyFormatter.swift */; };
		DEC1786828B1FFB1008D26F3 /* DecimalUtils.swift in Sources */ = {isa = PBXBuildFile; fileRef = DEC1786628B1FFB1008D26F3 /* DecimalUtils.swift */; };
		DEC1787728B29461008D26F3 /* CurrencyFormatterTests.swift in Sources */ = {isa = PBXBuildFile; fileRef = DEC1787628B29461008D26F3 /* CurrencyFormatterTests.swift */; };
/* End PBXBuildFile section */

/* Begin PBXContainerItemProxy section */
		DEC1787128B29351008D26F3 /* PBXContainerItemProxy */ = {
			isa = PBXContainerItemProxy;
			containerPortal = DE02CAEF28ACB3DB003A4D29 /* Project object */;
			proxyType = 1;
			remoteGlobalIDString = DE02CAF628ACB3DB003A4D29;
			remoteInfo = Bankey;
		};
/* End PBXContainerItemProxy section */

/* Begin PBXFileReference section */
		DE02CAF728ACB3DB003A4D29 /* Bankey.app */ = {isa = PBXFileReference; explicitFileType = wrapper.application; includeInIndex = 0; path = Bankey.app; sourceTree = BUILT_PRODUCTS_DIR; };
		DE02CAFA28ACB3DB003A4D29 /* AppDelegate.swift */ = {isa = PBXFileReference; lastKnownFileType = sourcecode.swift; path = AppDelegate.swift; sourceTree = "<group>"; };
		DE02CAFE28ACB3DB003A4D29 /* LoginViewController.swift */ = {isa = PBXFileReference; lastKnownFileType = sourcecode.swift; path = LoginViewController.swift; sourceTree = "<group>"; };
		DE02CB0328ACB3DE003A4D29 /* Assets.xcassets */ = {isa = PBXFileReference; lastKnownFileType = folder.assetcatalog; path = Assets.xcassets; sourceTree = "<group>"; };
		DE02CB0628ACB3DE003A4D29 /* Base */ = {isa = PBXFileReference; lastKnownFileType = file.storyboard; name = Base; path = Base.lproj/LaunchScreen.storyboard; sourceTree = "<group>"; };
		DE02CB0828ACB3DE003A4D29 /* Info.plist */ = {isa = PBXFileReference; lastKnownFileType = text.plist.xml; path = Info.plist; sourceTree = "<group>"; };
		DE02CB1028ACB797003A4D29 /* LoginView.swift */ = {isa = PBXFileReference; lastKnownFileType = sourcecode.swift; path = LoginView.swift; sourceTree = "<group>"; };
		DE02CB1328AF1C43003A4D29 /* OnboardingContainerViewController.swift */ = {isa = PBXFileReference; lastKnownFileType = sourcecode.swift; path = OnboardingContainerViewController.swift; sourceTree = "<group>"; };
		DE02CB1528AF222E003A4D29 /* OnboardingViewController.swift */ = {isa = PBXFileReference; lastKnownFileType = sourcecode.swift; path = OnboardingViewController.swift; sourceTree = "<group>"; };
		DE02CB1728AF48BB003A4D29 /* DummyViewController.swift */ = {isa = PBXFileReference; lastKnownFileType = sourcecode.swift; path = DummyViewController.swift; sourceTree = "<group>"; };
		DEC1785428B02561008D26F3 /* LocalState.swift */ = {isa = PBXFileReference; lastKnownFileType = sourcecode.swift; path = LocalState.swift; sourceTree = "<group>"; };
		DEC1785628B033E5008D26F3 /* UIViewController + Utils.swift */ = {isa = PBXFileReference; lastKnownFileType = sourcecode.swift; path = "UIViewController + Utils.swift"; sourceTree = "<group>"; };
		DEC1785828B035BC008D26F3 /* MainViewController.swift */ = {isa = PBXFileReference; lastKnownFileType = sourcecode.swift; path = MainViewController.swift; sourceTree = "<group>"; };
		DEC1785B28B045BA008D26F3 /* AccountSummaryViewController.swift */ = {isa = PBXFileReference; lastKnownFileType = sourcecode.swift; path = AccountSummaryViewController.swift; sourceTree = "<group>"; };
		DEC1785D28B05549008D26F3 /* AccountSummaryHeaderView.swift */ = {isa = PBXFileReference; lastKnownFileType = sourcecode.swift; path = AccountSummaryHeaderView.swift; sourceTree = "<group>"; };
		DEC1785F28B05589008D26F3 /* AccountSummaryHeaderView.xib */ = {isa = PBXFileReference; lastKnownFileType = file.xib; path = AccountSummaryHeaderView.xib; sourceTree = "<group>"; };
		DEC1786328B1C6D7008D26F3 /* AccountSummaryCell.swift */ = {isa = PBXFileReference; lastKnownFileType = sourcecode.swift; path = AccountSummaryCell.swift; sourceTree = "<group>"; };
		DEC1786528B1FFB1008D26F3 /* CurencyFormatter.swift */ = {isa = PBXFileReference; fileEncoding = 4; lastKnownFileType = sourcecode.swift; path = CurencyFormatter.swift; sourceTree = "<group>"; };
		DEC1786628B1FFB1008D26F3 /* DecimalUtils.swift */ = {isa = PBXFileReference; fileEncoding = 4; lastKnownFileType = sourcecode.swift; path = DecimalUtils.swift; sourceTree = "<group>"; };
		DEC1786D28B29351008D26F3 /* BankeyUnitTests.xctest */ = {isa = PBXFileReference; explicitFileType = wrapper.cfbundle; includeInIndex = 0; path = BankeyUnitTests.xctest; sourceTree = BUILT_PRODUCTS_DIR; };
		DEC1787628B29461008D26F3 /* CurrencyFormatterTests.swift */ = {isa = PBXFileReference; lastKnownFileType = sourcecode.swift; path = CurrencyFormatterTests.swift; sourceTree = "<group>"; };
/* End PBXFileReference section */

/* Begin PBXFrameworksBuildPhase section */
		DE02CAF428ACB3DB003A4D29 /* Frameworks */ = {
			isa = PBXFrameworksBuildPhase;
			buildActionMask = 2147483647;
			files = (
			);
			runOnlyForDeploymentPostprocessing = 0;
		};
		DEC1786A28B29351008D26F3 /* Frameworks */ = {
			isa = PBXFrameworksBuildPhase;
			buildActionMask = 2147483647;
			files = (
			);
			runOnlyForDeploymentPostprocessing = 0;
		};
/* End PBXFrameworksBuildPhase section */

/* Begin PBXGroup section */
		DE02CAEE28ACB3DB003A4D29 = {
			isa = PBXGroup;
			children = (
				DE02CAF928ACB3DB003A4D29 /* Bankey */,
				DEC1786E28B29351008D26F3 /* BankeyUnitTests */,
				DE02CAF828ACB3DB003A4D29 /* Products */,
			);
			sourceTree = "<group>";
		};
		DE02CAF828ACB3DB003A4D29 /* Products */ = {
			isa = PBXGroup;
			children = (
				DE02CAF728ACB3DB003A4D29 /* Bankey.app */,
				DEC1786D28B29351008D26F3 /* BankeyUnitTests.xctest */,
			);
			name = Products;
			sourceTree = "<group>";
		};
		DE02CAF928ACB3DB003A4D29 /* Bankey */ = {
			isa = PBXGroup;
			children = (
				DE02CAFA28ACB3DB003A4D29 /* AppDelegate.swift */,
				DEC1785828B035BC008D26F3 /* MainViewController.swift */,
				DE02CB0F28ACB714003A4D29 /* Login */,
				DE02CB1228AF1C06003A4D29 /* Onboarding */,
				DEC1785A28B04596008D26F3 /* AccountSummary */,
				DEC1785328B02548008D26F3 /* Utils */,
				DE02CB0E28ACB6D0003A4D29 /* Files */,
			);
			path = Bankey;
			sourceTree = "<group>";
		};
		DE02CB0E28ACB6D0003A4D29 /* Files */ = {
			isa = PBXGroup;
			children = (
				DE02CB0328ACB3DE003A4D29 /* Assets.xcassets */,
				DE02CB0528ACB3DE003A4D29 /* LaunchScreen.storyboard */,
				DE02CB0828ACB3DE003A4D29 /* Info.plist */,
			);
			name = Files;
			sourceTree = "<group>";
		};
		DE02CB0F28ACB714003A4D29 /* Login */ = {
			isa = PBXGroup;
			children = (
				DE02CAFE28ACB3DB003A4D29 /* LoginViewController.swift */,
				DE02CB1028ACB797003A4D29 /* LoginView.swift */,
				DE02CB1728AF48BB003A4D29 /* DummyViewController.swift */,
			);
			path = Login;
			sourceTree = "<group>";
		};
		DE02CB1228AF1C06003A4D29 /* Onboarding */ = {
			isa = PBXGroup;
			children = (
				DE02CB1328AF1C43003A4D29 /* OnboardingContainerViewController.swift */,
				DE02CB1528AF222E003A4D29 /* OnboardingViewController.swift */,
			);
			path = Onboarding;
			sourceTree = "<group>";
		};
		DEC1785328B02548008D26F3 /* Utils */ = {
			isa = PBXGroup;
			children = (
				DEC1785428B02561008D26F3 /* LocalState.swift */,
				DEC1785628B033E5008D26F3 /* UIViewController + Utils.swift */,
				DEC1786528B1FFB1008D26F3 /* CurencyFormatter.swift */,
				DEC1786628B1FFB1008D26F3 /* DecimalUtils.swift */,
			);
			path = Utils;
			sourceTree = "<group>";
		};
		DEC1785A28B04596008D26F3 /* AccountSummary */ = {
			isa = PBXGroup;
			children = (
				DEC1785B28B045BA008D26F3 /* AccountSummaryViewController.swift */,
				DEC1786128B1C632008D26F3 /* Header */,
				DEC1786228B1C6B2008D26F3 /* Cells */,
			);
			path = AccountSummary;
			sourceTree = "<group>";
		};
		DEC1786128B1C632008D26F3 /* Header */ = {
			isa = PBXGroup;
			children = (
				DEC1785D28B05549008D26F3 /* AccountSummaryHeaderView.swift */,
				DEC1785F28B05589008D26F3 /* AccountSummaryHeaderView.xib */,
			);
			path = Header;
			sourceTree = "<group>";
		};
		DEC1786228B1C6B2008D26F3 /* Cells */ = {
			isa = PBXGroup;
			children = (
				DEC1786328B1C6D7008D26F3 /* AccountSummaryCell.swift */,
			);
			path = Cells;
			sourceTree = "<group>";
		};
		DEC1786E28B29351008D26F3 /* BankeyUnitTests */ = {
			isa = PBXGroup;
			children = (
				DEC1787628B29461008D26F3 /* CurrencyFormatterTests.swift */,
			);
			path = BankeyUnitTests;
			sourceTree = "<group>";
		};
/* End PBXGroup section */

/* Begin PBXNativeTarget section */
		DE02CAF628ACB3DB003A4D29 /* Bankey */ = {
			isa = PBXNativeTarget;
			buildConfigurationList = DE02CB0B28ACB3DE003A4D29 /* Build configuration list for PBXNativeTarget "Bankey" */;
			buildPhases = (
				DE02CAF328ACB3DB003A4D29 /* Sources */,
				DE02CAF428ACB3DB003A4D29 /* Frameworks */,
				DE02CAF528ACB3DB003A4D29 /* Resources */,
			);
			buildRules = (
			);
			dependencies = (
			);
			name = Bankey;
			productName = Bankey;
			productReference = DE02CAF728ACB3DB003A4D29 /* Bankey.app */;
			productType = "com.apple.product-type.application";
		};
		DEC1786C28B29351008D26F3 /* BankeyUnitTests */ = {
			isa = PBXNativeTarget;
			buildConfigurationList = DEC1787328B29351008D26F3 /* Build configuration list for PBXNativeTarget "BankeyUnitTests" */;
			buildPhases = (
				DEC1786928B29351008D26F3 /* Sources */,
				DEC1786A28B29351008D26F3 /* Frameworks */,
				DEC1786B28B29351008D26F3 /* Resources */,
			);
			buildRules = (
			);
			dependencies = (
				DEC1787228B29351008D26F3 /* PBXTargetDependency */,
			);
			name = BankeyUnitTests;
			productName = BankeyUnitTests;
			productReference = DEC1786D28B29351008D26F3 /* BankeyUnitTests.xctest */;
			productType = "com.apple.product-type.bundle.unit-test";
		};
/* End PBXNativeTarget section */

/* Begin PBXProject section */
		DE02CAEF28ACB3DB003A4D29 /* Project object */ = {
			isa = PBXProject;
			attributes = {
				BuildIndependentTargetsInParallel = 1;
				LastSwiftUpdateCheck = 1340;
				LastUpgradeCheck = 1340;
				TargetAttributes = {
					DE02CAF628ACB3DB003A4D29 = {
						CreatedOnToolsVersion = 13.4.1;
					};
					DEC1786C28B29351008D26F3 = {
						CreatedOnToolsVersion = 13.4.1;
						LastSwiftMigration = 1340;
						TestTargetID = DE02CAF628ACB3DB003A4D29;
					};
				};
			};
			buildConfigurationList = DE02CAF228ACB3DB003A4D29 /* Build configuration list for PBXProject "Bankey" */;
			compatibilityVersion = "Xcode 13.0";
			developmentRegion = en;
			hasScannedForEncodings = 0;
			knownRegions = (
				en,
				Base,
			);
			mainGroup = DE02CAEE28ACB3DB003A4D29;
			productRefGroup = DE02CAF828ACB3DB003A4D29 /* Products */;
			projectDirPath = "";
			projectRoot = "";
			targets = (
				DE02CAF628ACB3DB003A4D29 /* Bankey */,
				DEC1786C28B29351008D26F3 /* BankeyUnitTests */,
			);
		};
/* End PBXProject section */

/* Begin PBXResourcesBuildPhase section */
		DE02CAF528ACB3DB003A4D29 /* Resources */ = {
			isa = PBXResourcesBuildPhase;
			buildActionMask = 2147483647;
			files = (
				DEC1786028B05589008D26F3 /* AccountSummaryHeaderView.xib in Resources */,
				DE02CB0728ACB3DE003A4D29 /* LaunchScreen.storyboard in Resources */,
				DE02CB0428ACB3DE003A4D29 /* Assets.xcassets in Resources */,
			);
			runOnlyForDeploymentPostprocessing = 0;
		};
		DEC1786B28B29351008D26F3 /* Resources */ = {
			isa = PBXResourcesBuildPhase;
			buildActionMask = 2147483647;
			files = (
			);
			runOnlyForDeploymentPostprocessing = 0;
		};
/* End PBXResourcesBuildPhase section */

/* Begin PBXSourcesBuildPhase section */
		DE02CAF328ACB3DB003A4D29 /* Sources */ = {
			isa = PBXSourcesBuildPhase;
			buildActionMask = 2147483647;
			files = (
				DE02CB1128ACB797003A4D29 /* LoginView.swift in Sources */,
				DEC1785528B02561008D26F3 /* LocalState.swift in Sources */,
				DEC1785728B033E5008D26F3 /* UIViewController + Utils.swift in Sources */,
				DEC1786728B1FFB1008D26F3 /* CurencyFormatter.swift in Sources */,
				DEC1785E28B05549008D26F3 /* AccountSummaryHeaderView.swift in Sources */,
				DE02CB1828AF48BB003A4D29 /* DummyViewController.swift in Sources */,
				DE02CAFF28ACB3DB003A4D29 /* LoginViewController.swift in Sources */,
				DEC1786828B1FFB1008D26F3 /* DecimalUtils.swift in Sources */,
				DEC1786428B1C6D7008D26F3 /* AccountSummaryCell.swift in Sources */,
				DE02CB1628AF222E003A4D29 /* OnboardingViewController.swift in Sources */,
				DEC1785928B035BC008D26F3 /* MainViewController.swift in Sources */,
				DEC1785C28B045BA008D26F3 /* AccountSummaryViewController.swift in Sources */,
				DE02CAFB28ACB3DB003A4D29 /* AppDelegate.swift in Sources */,
				DE02CB1428AF1C43003A4D29 /* OnboardingContainerViewController.swift in Sources */,
			);
			runOnlyForDeploymentPostprocessing = 0;
		};
		DEC1786928B29351008D26F3 /* Sources */ = {
			isa = PBXSourcesBuildPhase;
			buildActionMask = 2147483647;
			files = (
				DEC1787728B29461008D26F3 /* CurrencyFormatterTests.swift in Sources */,
			);
			runOnlyForDeploymentPostprocessing = 0;
		};
/* End PBXSourcesBuildPhase section */

/* Begin PBXTargetDependency section */
		DEC1787228B29351008D26F3 /* PBXTargetDependency */ = {
			isa = PBXTargetDependency;
			target = DE02CAF628ACB3DB003A4D29 /* Bankey */;
			targetProxy = DEC1787128B29351008D26F3 /* PBXContainerItemProxy */;
		};
/* End PBXTargetDependency section */

/* Begin PBXVariantGroup section */
		DE02CB0528ACB3DE003A4D29 /* LaunchScreen.storyboard */ = {
			isa = PBXVariantGroup;
			children = (
				DE02CB0628ACB3DE003A4D29 /* Base */,
			);
			name = LaunchScreen.storyboard;
			sourceTree = "<group>";
		};
/* End PBXVariantGroup section */

/* Begin XCBuildConfiguration section */
		DE02CB0928ACB3DE003A4D29 /* Debug */ = {
			isa = XCBuildConfiguration;
			buildSettings = {
				ALWAYS_SEARCH_USER_PATHS = NO;
				CLANG_ANALYZER_NONNULL = YES;
				CLANG_ANALYZER_NUMBER_OBJECT_CONVERSION = YES_AGGRESSIVE;
				CLANG_CXX_LANGUAGE_STANDARD = "gnu++17";
				CLANG_ENABLE_MODULES = YES;
				CLANG_ENABLE_OBJC_ARC = YES;
				CLANG_ENABLE_OBJC_WEAK = YES;
				CLANG_WARN_BLOCK_CAPTURE_AUTORELEASING = YES;
				CLANG_WARN_BOOL_CONVERSION = YES;
				CLANG_WARN_COMMA = YES;
				CLANG_WARN_CONSTANT_CONVERSION = YES;
				CLANG_WARN_DEPRECATED_OBJC_IMPLEMENTATIONS = YES;
				CLANG_WARN_DIRECT_OBJC_ISA_USAGE = YES_ERROR;
				CLANG_WARN_DOCUMENTATION_COMMENTS = YES;
				CLANG_WARN_EMPTY_BODY = YES;
				CLANG_WARN_ENUM_CONVERSION = YES;
				CLANG_WARN_INFINITE_RECURSION = YES;
				CLANG_WARN_INT_CONVERSION = YES;
				CLANG_WARN_NON_LITERAL_NULL_CONVERSION = YES;
				CLANG_WARN_OBJC_IMPLICIT_RETAIN_SELF = YES;
				CLANG_WARN_OBJC_LITERAL_CONVERSION = YES;
				CLANG_WARN_OBJC_ROOT_CLASS = YES_ERROR;
				CLANG_WARN_QUOTED_INCLUDE_IN_FRAMEWORK_HEADER = YES;
				CLANG_WARN_RANGE_LOOP_ANALYSIS = YES;
				CLANG_WARN_STRICT_PROTOTYPES = YES;
				CLANG_WARN_SUSPICIOUS_MOVE = YES;
				CLANG_WARN_UNGUARDED_AVAILABILITY = YES_AGGRESSIVE;
				CLANG_WARN_UNREACHABLE_CODE = YES;
				CLANG_WARN__DUPLICATE_METHOD_MATCH = YES;
				COPY_PHASE_STRIP = NO;
				DEBUG_INFORMATION_FORMAT = dwarf;
				ENABLE_STRICT_OBJC_MSGSEND = YES;
				ENABLE_TESTABILITY = YES;
				GCC_C_LANGUAGE_STANDARD = gnu11;
				GCC_DYNAMIC_NO_PIC = NO;
				GCC_NO_COMMON_BLOCKS = YES;
				GCC_OPTIMIZATION_LEVEL = 0;
				GCC_PREPROCESSOR_DEFINITIONS = (
					"DEBUG=1",
					"$(inherited)",
				);
				GCC_WARN_64_TO_32_BIT_CONVERSION = YES;
				GCC_WARN_ABOUT_RETURN_TYPE = YES_ERROR;
				GCC_WARN_UNDECLARED_SELECTOR = YES;
				GCC_WARN_UNINITIALIZED_AUTOS = YES_AGGRESSIVE;
				GCC_WARN_UNUSED_FUNCTION = YES;
				GCC_WARN_UNUSED_VARIABLE = YES;
				IPHONEOS_DEPLOYMENT_TARGET = 15.5;
				MTL_ENABLE_DEBUG_INFO = INCLUDE_SOURCE;
				MTL_FAST_MATH = YES;
				ONLY_ACTIVE_ARCH = YES;
				SDKROOT = iphoneos;
				SWIFT_ACTIVE_COMPILATION_CONDITIONS = DEBUG;
				SWIFT_OPTIMIZATION_LEVEL = "-Onone";
			};
			name = Debug;
		};
		DE02CB0A28ACB3DE003A4D29 /* Release */ = {
			isa = XCBuildConfiguration;
			buildSettings = {
				ALWAYS_SEARCH_USER_PATHS = NO;
				CLANG_ANALYZER_NONNULL = YES;
				CLANG_ANALYZER_NUMBER_OBJECT_CONVERSION = YES_AGGRESSIVE;
				CLANG_CXX_LANGUAGE_STANDARD = "gnu++17";
				CLANG_ENABLE_MODULES = YES;
				CLANG_ENABLE_OBJC_ARC = YES;
				CLANG_ENABLE_OBJC_WEAK = YES;
				CLANG_WARN_BLOCK_CAPTURE_AUTORELEASING = YES;
				CLANG_WARN_BOOL_CONVERSION = YES;
				CLANG_WARN_COMMA = YES;
				CLANG_WARN_CONSTANT_CONVERSION = YES;
				CLANG_WARN_DEPRECATED_OBJC_IMPLEMENTATIONS = YES;
				CLANG_WARN_DIRECT_OBJC_ISA_USAGE = YES_ERROR;
				CLANG_WARN_DOCUMENTATION_COMMENTS = YES;
				CLANG_WARN_EMPTY_BODY = YES;
				CLANG_WARN_ENUM_CONVERSION = YES;
				CLANG_WARN_INFINITE_RECURSION = YES;
				CLANG_WARN_INT_CONVERSION = YES;
				CLANG_WARN_NON_LITERAL_NULL_CONVERSION = YES;
				CLANG_WARN_OBJC_IMPLICIT_RETAIN_SELF = YES;
				CLANG_WARN_OBJC_LITERAL_CONVERSION = YES;
				CLANG_WARN_OBJC_ROOT_CLASS = YES_ERROR;
				CLANG_WARN_QUOTED_INCLUDE_IN_FRAMEWORK_HEADER = YES;
				CLANG_WARN_RANGE_LOOP_ANALYSIS = YES;
				CLANG_WARN_STRICT_PROTOTYPES = YES;
				CLANG_WARN_SUSPICIOUS_MOVE = YES;
				CLANG_WARN_UNGUARDED_AVAILABILITY = YES_AGGRESSIVE;
				CLANG_WARN_UNREACHABLE_CODE = YES;
				CLANG_WARN__DUPLICATE_METHOD_MATCH = YES;
				COPY_PHASE_STRIP = NO;
				DEBUG_INFORMATION_FORMAT = "dwarf-with-dsym";
				ENABLE_NS_ASSERTIONS = NO;
				ENABLE_STRICT_OBJC_MSGSEND = YES;
				GCC_C_LANGUAGE_STANDARD = gnu11;
				GCC_NO_COMMON_BLOCKS = YES;
				GCC_WARN_64_TO_32_BIT_CONVERSION = YES;
				GCC_WARN_ABOUT_RETURN_TYPE = YES_ERROR;
				GCC_WARN_UNDECLARED_SELECTOR = YES;
				GCC_WARN_UNINITIALIZED_AUTOS = YES_AGGRESSIVE;
				GCC_WARN_UNUSED_FUNCTION = YES;
				GCC_WARN_UNUSED_VARIABLE = YES;
				IPHONEOS_DEPLOYMENT_TARGET = 15.5;
				MTL_ENABLE_DEBUG_INFO = NO;
				MTL_FAST_MATH = YES;
				SDKROOT = iphoneos;
				SWIFT_COMPILATION_MODE = wholemodule;
				SWIFT_OPTIMIZATION_LEVEL = "-O";
				VALIDATE_PRODUCT = YES;
			};
			name = Release;
		};
		DE02CB0C28ACB3DE003A4D29 /* Debug */ = {
			isa = XCBuildConfiguration;
			buildSettings = {
				ASSETCATALOG_COMPILER_APPICON_NAME = AppIcon;
				ASSETCATALOG_COMPILER_GLOBAL_ACCENT_COLOR_NAME = AccentColor;
				CODE_SIGN_STYLE = Automatic;
				CURRENT_PROJECT_VERSION = 1;
				DEVELOPMENT_TEAM = W6G6Q9E6ZA;
				GENERATE_INFOPLIST_FILE = YES;
				INFOPLIST_FILE = Bankey/Info.plist;
				INFOPLIST_KEY_UIApplicationSupportsIndirectInputEvents = YES;
				INFOPLIST_KEY_UILaunchStoryboardName = LaunchScreen;
				INFOPLIST_KEY_UIMainStoryboardFile = "";
				INFOPLIST_KEY_UISupportedInterfaceOrientations_iPad = "UIInterfaceOrientationPortrait UIInterfaceOrientationPortraitUpsideDown UIInterfaceOrientationLandscapeLeft UIInterfaceOrientationLandscapeRight";
				INFOPLIST_KEY_UISupportedInterfaceOrientations_iPhone = "UIInterfaceOrientationPortrait UIInterfaceOrientationLandscapeLeft UIInterfaceOrientationLandscapeRight";
				LD_RUNPATH_SEARCH_PATHS = (
					"$(inherited)",
					"@executable_path/Frameworks",
				);
				MARKETING_VERSION = 1.0;
				PRODUCT_BUNDLE_IDENTIFIER = com.leastudios.Bankey;
				PRODUCT_NAME = "$(TARGET_NAME)";
				SWIFT_EMIT_LOC_STRINGS = YES;
				SWIFT_VERSION = 5.0;
				TARGETED_DEVICE_FAMILY = "1,2";
			};
			name = Debug;
		};
		DE02CB0D28ACB3DE003A4D29 /* Release */ = {
			isa = XCBuildConfiguration;
			buildSettings = {
				ASSETCATALOG_COMPILER_APPICON_NAME = AppIcon;
				ASSETCATALOG_COMPILER_GLOBAL_ACCENT_COLOR_NAME = AccentColor;
				CODE_SIGN_STYLE = Automatic;
				CURRENT_PROJECT_VERSION = 1;
				DEVELOPMENT_TEAM = W6G6Q9E6ZA;
				GENERATE_INFOPLIST_FILE = YES;
				INFOPLIST_FILE = Bankey/Info.plist;
				INFOPLIST_KEY_UIApplicationSupportsIndirectInputEvents = YES;
				INFOPLIST_KEY_UILaunchStoryboardName = LaunchScreen;
				INFOPLIST_KEY_UIMainStoryboardFile = "";
				INFOPLIST_KEY_UISupportedInterfaceOrientations_iPad = "UIInterfaceOrientationPortrait UIInterfaceOrientationPortraitUpsideDown UIInterfaceOrientationLandscapeLeft UIInterfaceOrientationLandscapeRight";
				INFOPLIST_KEY_UISupportedInterfaceOrientations_iPhone = "UIInterfaceOrientationPortrait UIInterfaceOrientationLandscapeLeft UIInterfaceOrientationLandscapeRight";
				LD_RUNPATH_SEARCH_PATHS = (
					"$(inherited)",
					"@executable_path/Frameworks",
				);
				MARKETING_VERSION = 1.0;
				PRODUCT_BUNDLE_IDENTIFIER = com.leastudios.Bankey;
				PRODUCT_NAME = "$(TARGET_NAME)";
				SWIFT_EMIT_LOC_STRINGS = YES;
				SWIFT_VERSION = 5.0;
				TARGETED_DEVICE_FAMILY = "1,2";
			};
			name = Release;
		};
		DEC1787428B29351008D26F3 /* Debug */ = {
			isa = XCBuildConfiguration;
			buildSettings = {
				BUNDLE_LOADER = "$(TEST_HOST)";
				CLANG_ENABLE_MODULES = YES;
				CODE_SIGN_STYLE = Automatic;
				CURRENT_PROJECT_VERSION = 1;
				DEVELOPMENT_TEAM = W6G6Q9E6ZA;
				GENERATE_INFOPLIST_FILE = YES;
				LD_RUNPATH_SEARCH_PATHS = (
					"$(inherited)",
					"@executable_path/Frameworks",
					"@loader_path/Frameworks",
				);
				MARKETING_VERSION = 1.0;
				PRODUCT_BUNDLE_IDENTIFIER = com.leastudios.BankeyUnitTests;
				PRODUCT_NAME = "$(TARGET_NAME)";
				SWIFT_EMIT_LOC_STRINGS = NO;
				SWIFT_OPTIMIZATION_LEVEL = "-Onone";
				SWIFT_VERSION = 5.0;
				TARGETED_DEVICE_FAMILY = "1,2";
				TEST_HOST = "$(BUILT_PRODUCTS_DIR)/Bankey.app/Bankey";
			};
			name = Debug;
		};
		DEC1787528B29351008D26F3 /* Release */ = {
			isa = XCBuildConfiguration;
			buildSettings = {
				BUNDLE_LOADER = "$(TEST_HOST)";
				CLANG_ENABLE_MODULES = YES;
				CODE_SIGN_STYLE = Automatic;
				CURRENT_PROJECT_VERSION = 1;
				DEVELOPMENT_TEAM = W6G6Q9E6ZA;
				GENERATE_INFOPLIST_FILE = YES;
				LD_RUNPATH_SEARCH_PATHS = (
					"$(inherited)",
					"@executable_path/Frameworks",
					"@loader_path/Frameworks",
				);
				MARKETING_VERSION = 1.0;
				PRODUCT_BUNDLE_IDENTIFIER = com.leastudios.BankeyUnitTests;
				PRODUCT_NAME = "$(TARGET_NAME)";
				SWIFT_EMIT_LOC_STRINGS = NO;
				SWIFT_VERSION = 5.0;
				TARGETED_DEVICE_FAMILY = "1,2";
				TEST_HOST = "$(BUILT_PRODUCTS_DIR)/Bankey.app/Bankey";
			};
			name = Release;
		};
/* End XCBuildConfiguration section */

/* Begin XCConfigurationList section */
		DE02CAF228ACB3DB003A4D29 /* Build configuration list for PBXProject "Bankey" */ = {
			isa = XCConfigurationList;
			buildConfigurations = (
				DE02CB0928ACB3DE003A4D29 /* Debug */,
				DE02CB0A28ACB3DE003A4D29 /* Release */,
			);
			defaultConfigurationIsVisible = 0;
			defaultConfigurationName = Release;
		};
		DE02CB0B28ACB3DE003A4D29 /* Build configuration list for PBXNativeTarget "Bankey" */ = {
			isa = XCConfigurationList;
			buildConfigurations = (
				DE02CB0C28ACB3DE003A4D29 /* Debug */,
				DE02CB0D28ACB3DE003A4D29 /* Release */,
			);
			defaultConfigurationIsVisible = 0;
			defaultConfigurationName = Release;
		};
		DEC1787328B29351008D26F3 /* Build configuration list for PBXNativeTarget "BankeyUnitTests" */ = {
			isa = XCConfigurationList;
			buildConfigurations = (
				DEC1787428B29351008D26F3 /* Debug */,
				DEC1787528B29351008D26F3 /* Release */,
			);
			defaultConfigurationIsVisible = 0;
			defaultConfigurationName = Release;
		};
/* End XCConfigurationList section */
	};
	rootObject = DE02CAEF28ACB3DB003A4D29 /* Project object */;
}
